# This file was autogenerated by Stack.
# You should not edit this file by hand.
# For more information, please see the documentation at:
#   https://docs.haskellstack.org/en/stable/lock_files

packages:
- completed:
    name: union-color
    version: 0.1.0.0
    git: https://github.com/YoshikuniJujo/union-color.git
    pantry-tree:
      size: 619
      sha256: fbbb36c16226f3e9fda7c0dbb4ffcd76df44dc4957d6682fd1cbca4ce1f8cc98
    commit: 12bfdb3d8e34dd993f5691717e48c6e743aab9e2
  original:
    git: https://github.com/YoshikuniJujo/union-color.git
    commit: 12bfdb3d8e34dd993f5691717e48c6e743aab9e2
- completed:
    name: cairo-image
    version: 0.1.0.0
    git: https://github.com/YoshikuniJujo/cairo-image.git
    pantry-tree:
      size: 887
      sha256: 46d3b277fcd23a824bc7d035f7288a16db7a211cef6fa858e85c24f079d1cf8a
    commit: 905c6bf5edf2cee7be806ac5112f53d54012d5ce
  original:
    git: https://github.com/YoshikuniJujo/cairo-image.git
    commit: 905c6bf5edf2cee7be806ac5112f53d54012d5ce
snapshots:
- completed:
    size: 587546
    url: https://raw.githubusercontent.com/commercialhaskell/stackage-snapshots/master/lts/18/10.yaml
    sha256: 88b4f81e162ba3adc230a9fcccc4d19ac116377656bab56c7382ca88598b257a
  original: lts-18.10
