# This file was autogenerated by Stack.
# You should not edit this file by hand.
# For more information, please see the documentation at:
#   https://docs.haskellstack.org/en/stable/lock_files

packages:
- completed:
    hackage: ranged-list-0.1.0.0@sha256:d7d186af59b044c667c466f788426e8c18a91abcfea7375b604c4640c7133333,2177
    pantry-tree:
      size: 1339
      sha256: 1426b0e56d5c1d0b781cc2badeca31abc0e628661fca8194f87a87ca594adaea
  original:
    hackage: ranged-list-0.1.0.0
snapshots:
- completed:
    size: 568674
    url: https://raw.githubusercontent.com/commercialhaskell/stackage-snapshots/master/nightly/2021/2/24.yaml
    sha256: 973806505a52524c67413d49edac1c969401e85edd5a144251a57fd3c1820211
  original: nightly-2021-02-24
